{
  "requires": true,
  "lockfileVersion": 1,
  "dependencies": {
    "jslinter": {
      "version": "1.5.40",
      "resolved": "https://registry.npmjs.org/jslinter/-/jslinter-1.5.40.tgz",
      "integrity": "sha512-/mOf2SYZZGXR5cvCuyKmWvGKZWv4P1tV3ntDHNKV+lvc63nvLNk5zfe0EmdZ9Rm3R7x1BMstzvuBf/A57geo0g=="
    }
  }
}
